
Microsoft Visual Studio Solution File, Format Version 12.00
# Visual Studio Version 17
VisualStudioVersion = 17.2.32616.157
MinimumVisualStudioVersion = 10.0.40219.1
Project("{2150E333-8FDC-42A3-9474-1A3956D46DE8}") = "Services", "Services", "{306C21B3-B0AB-4487-A647-195854C6274C}"
EndProject
Project("{2150E333-8FDC-42A3-9474-1A3956D46DE8}") = "Catalog", "Catalog", "{EC3640C5-3385-41E9-9A61-182D9F071781}"
EndProject
Project("{9A19103F-16F7-4668-BE54-9A1E7A4F7556}") = "Catalog.API", "Services\Catalog\Catalog.API\Catalog.API.csproj", "{7695A6BC-37C4-4E33-AE7D-3448E752403A}"
EndProject
Project("{E53339B2-1760-4266-BCC7-CA923CBCF16C}") = "docker-compose", "docker-compose.dcproj", "{2F6FBE30-00C5-41A7-A0CE-E060289D396C}"
EndProject
Project("{2150E333-8FDC-42A3-9474-1A3956D46DE8}") = "Basket", "Basket", "{4F4AB554-97F6-4010-A91E-2D5E1A0B91D7}"
EndProject
Project("{9A19103F-16F7-4668-BE54-9A1E7A4F7556}") = "Basket.API", "Services\Basket\Basket.API\Basket.API.csproj", "{67C5E225-3E73-4E47-8269-D9D5F998163F}"
EndProject
Project("{2150E333-8FDC-42A3-9474-1A3956D46DE8}") = "Discount", "Discount", "{82A196D8-EA64-40AF-B234-2639B7846979}"
EndProject
Project("{9A19103F-16F7-4668-BE54-9A1E7A4F7556}") = "Discount.API", "Services\Discount\Discount.API\Discount.API.csproj", "{26925EE7-A0A3-4B98-813E-CA80613A8F51}"
EndProject
Project("{9A19103F-16F7-4668-BE54-9A1E7A4F7556}") = "Discount.Grpc", "Services\Discount\Discount.Grpc\Discount.Grpc.csproj", "{BDEF3EF9-FE4C-40E5-AF94-DFCC391B3B78}"
EndProject
Project("{2150E333-8FDC-42A3-9474-1A3956D46DE8}") = "Ordering", "Ordering", "{43D36212-A9FD-4D05-932D-B9ADBF09F541}"
EndProject
Project("{FAE04EC0-301F-11D3-BF4B-00C04F79EFBC}") = "Ordering.API", "Services\Ordering\Ordering.API\Ordering.API.csproj", "{19AB8567-0B74-4364-8CD7-78B91F29A5C3}"
EndProject
Global
	GlobalSection(SolutionConfigurationPlatforms) = preSolution
		Debug|Any CPU = Debug|Any CPU
		Release|Any CPU = Release|Any CPU
	EndGlobalSection
	GlobalSection(ProjectConfigurationPlatforms) = postSolution
		{7695A6BC-37C4-4E33-AE7D-3448E752403A}.Debug|Any CPU.ActiveCfg = Debug|Any CPU
		{7695A6BC-37C4-4E33-AE7D-3448E752403A}.Debug|Any CPU.Build.0 = Debug|Any CPU
		{7695A6BC-37C4-4E33-AE7D-3448E752403A}.Release|Any CPU.ActiveCfg = Release|Any CPU
		{7695A6BC-37C4-4E33-AE7D-3448E752403A}.Release|Any CPU.Build.0 = Release|Any CPU
		{2F6FBE30-00C5-41A7-A0CE-E060289D396C}.Debug|Any CPU.ActiveCfg = Debug|Any CPU
		{2F6FBE30-00C5-41A7-A0CE-E060289D396C}.Debug|Any CPU.Build.0 = Debug|Any CPU
		{2F6FBE30-00C5-41A7-A0CE-E060289D396C}.Release|Any CPU.ActiveCfg = Release|Any CPU
		{2F6FBE30-00C5-41A7-A0CE-E060289D396C}.Release|Any CPU.Build.0 = Release|Any CPU
		{67C5E225-3E73-4E47-8269-D9D5F998163F}.Debug|Any CPU.ActiveCfg = Debug|Any CPU
		{67C5E225-3E73-4E47-8269-D9D5F998163F}.Debug|Any CPU.Build.0 = Debug|Any CPU
		{67C5E225-3E73-4E47-8269-D9D5F998163F}.Release|Any CPU.ActiveCfg = Release|Any CPU
		{67C5E225-3E73-4E47-8269-D9D5F998163F}.Release|Any CPU.Build.0 = Release|Any CPU
		{26925EE7-A0A3-4B98-813E-CA80613A8F51}.Debug|Any CPU.ActiveCfg = Debug|Any CPU
		{26925EE7-A0A3-4B98-813E-CA80613A8F51}.Debug|Any CPU.Build.0 = Debug|Any CPU
		{26925EE7-A0A3-4B98-813E-CA80613A8F51}.Release|Any CPU.ActiveCfg = Release|Any CPU
		{26925EE7-A0A3-4B98-813E-CA80613A8F51}.Release|Any CPU.Build.0 = Release|Any CPU
		{BDEF3EF9-FE4C-40E5-AF94-DFCC391B3B78}.Debug|Any CPU.ActiveCfg = Debug|Any CPU
		{BDEF3EF9-FE4C-40E5-AF94-DFCC391B3B78}.Debug|Any CPU.Build.0 = Debug|Any CPU
		{BDEF3EF9-FE4C-40E5-AF94-DFCC391B3B78}.Release|Any CPU.ActiveCfg = Release|Any CPU
		{BDEF3EF9-FE4C-40E5-AF94-DFCC391B3B78}.Release|Any CPU.Build.0 = Release|Any CPU
		{19AB8567-0B74-4364-8CD7-78B91F29A5C3}.Debug|Any CPU.ActiveCfg = Debug|Any CPU
		{19AB8567-0B74-4364-8CD7-78B91F29A5C3}.Debug|Any CPU.Build.0 = Debug|Any CPU
		{19AB8567-0B74-4364-8CD7-78B91F29A5C3}.Release|Any CPU.ActiveCfg = Release|Any CPU
		{19AB8567-0B74-4364-8CD7-78B91F29A5C3}.Release|Any CPU.Build.0 = Release|Any CPU
	EndGlobalSection
	GlobalSection(SolutionProperties) = preSolution
		HideSolutionNode = FALSE
	EndGlobalSection
	GlobalSection(NestedProjects) = preSolution
		{EC3640C5-3385-41E9-9A61-182D9F071781} = {306C21B3-B0AB-4487-A647-195854C6274C}
		{7695A6BC-37C4-4E33-AE7D-3448E752403A} = {EC3640C5-3385-41E9-9A61-182D9F071781}
		{4F4AB554-97F6-4010-A91E-2D5E1A0B91D7} = {306C21B3-B0AB-4487-A647-195854C6274C}
		{67C5E225-3E73-4E47-8269-D9D5F998163F} = {4F4AB554-97F6-4010-A91E-2D5E1A0B91D7}
		{82A196D8-EA64-40AF-B234-2639B7846979} = {306C21B3-B0AB-4487-A647-195854C6274C}
		{26925EE7-A0A3-4B98-813E-CA80613A8F51} = {82A196D8-EA64-40AF-B234-2639B7846979}
		{BDEF3EF9-FE4C-40E5-AF94-DFCC391B3B78} = {82A196D8-EA64-40AF-B234-2639B7846979}
		{43D36212-A9FD-4D05-932D-B9ADBF09F541} = {306C21B3-B0AB-4487-A647-195854C6274C}
		{19AB8567-0B74-4364-8CD7-78B91F29A5C3} = {43D36212-A9FD-4D05-932D-B9ADBF09F541}
	EndGlobalSection
	GlobalSection(ExtensibilityGlobals) = postSolution
		SolutionGuid = {6790D01D-258B-4718-8ABF-6110D3121507}
	EndGlobalSection
EndGlobal
