
Microsoft Visual Studio Solution File, Format Version 12.00
# Visual Studio Version 17
VisualStudioVersion = 17.2.32616.157
MinimumVisualStudioVersion = 10.0.40219.1
Project("{2150E333-8FDC-42A3-9474-1A3956D46DE8}") = "Services", "Services", "{306C21B3-B0AB-4487-A647-195854C6274C}"
EndProject
Project("{2150E333-8FDC-42A3-9474-1A3956D46DE8}") = "Catalog", "Catalog", "{EC3640C5-3385-41E9-9A61-182D9F071781}"
EndProject
Project("{9A19103F-16F7-4668-BE54-9A1E7A4F7556}") = "Catalog.API", "Services\Catalog\Catalog.API\Catalog.API.csproj", "{7695A6BC-37C4-4E33-AE7D-3448E752403A}"
EndProject
Project("{E53339B2-1760-4266-BCC7-CA923CBCF16C}") = "docker-compose", "docker-compose.dcproj", "{2F6FBE30-00C5-41A7-A0CE-E060289D396C}"
EndProject
Project("{2150E333-8FDC-42A3-9474-1A3956D46DE8}") = "Basket", "Basket", "{4F4AB554-97F6-4010-A91E-2D5E1A0B91D7}"
EndProject
Project("{9A19103F-16F7-4668-BE54-9A1E7A4F7556}") = "Basket.API", "Services\Basket\Basket.API\Basket.API.csproj", "{67C5E225-3E73-4E47-8269-D9D5F998163F}"
EndProject
Project("{2150E333-8FDC-42A3-9474-1A3956D46DE8}") = "Discount", "Discount", "{82A196D8-EA64-40AF-B234-2639B7846979}"
EndProject
Project("{9A19103F-16F7-4668-BE54-9A1E7A4F7556}") = "Discount.API", "Services\Discount\Discount.API\Discount.API.csproj", "{26925EE7-A0A3-4B98-813E-CA80613A8F51}"
EndProject
Project("{9A19103F-16F7-4668-BE54-9A1E7A4F7556}") = "Discount.Grpc", "Services\Discount\Discount.Grpc\Discount.Grpc.csproj", "{BDEF3EF9-FE4C-40E5-AF94-DFCC391B3B78}"
EndProject
Project("{2150E333-8FDC-42A3-9474-1A3956D46DE8}") = "Ordering", "Ordering", "{43D36212-A9FD-4D05-932D-B9ADBF09F541}"
EndProject
Project("{9A19103F-16F7-4668-BE54-9A1E7A4F7556}") = "Ordering.API", "Services\Ordering\Ordering.API\Ordering.API.csproj", "{19AB8567-0B74-4364-8CD7-78B91F29A5C3}"
EndProject
Project("{9A19103F-16F7-4668-BE54-9A1E7A4F7556}") = "Ordering.Domain", "Services\Ordering\Ordering.Domain\Ordering.Domain.csproj", "{AECA2B62-9356-48B6-9A3D-AA593DC3CE16}"
EndProject
Project("{9A19103F-16F7-4668-BE54-9A1E7A4F7556}") = "Ordering.Application", "Services\Ordering\Ordering.Application\Ordering.Application.csproj", "{5625005F-E6E7-447A-AD0B-82C613F228E0}"
EndProject
Project("{9A19103F-16F7-4668-BE54-9A1E7A4F7556}") = "Ordering.Infrastructure", "Services\Ordering\Ordering.Infrastructure\Ordering.Infrastructure.csproj", "{E05C8FAE-01DD-46DD-A2EE-6BDC3B3EBFDB}"
EndProject
Project("{2150E333-8FDC-42A3-9474-1A3956D46DE8}") = "BuildingBlocks", "BuildingBlocks", "{4B48AC4C-C943-4C3F-AA27-EEADC4DF742C}"
EndProject
Project("{9A19103F-16F7-4668-BE54-9A1E7A4F7556}") = "EventBus.Messages", "BuildingBlocks\EventBus.Messages\EventBus.Messages.csproj", "{E2AB6785-B3CB-4E86-8489-B25DE2966108}"
EndProject
Project("{2150E333-8FDC-42A3-9474-1A3956D46DE8}") = "ApiGateways", "ApiGateways", "{96208703-0FFF-4E95-96AD-CCFA5AB80002}"
EndProject
Project("{9A19103F-16F7-4668-BE54-9A1E7A4F7556}") = "OcelotApiGw", "ApiGateways\OcelotApiGw\OcelotApiGw.csproj", "{9B606425-87EC-42A1-A85A-99BFE38FC31C}"
EndProject
Project("{9A19103F-16F7-4668-BE54-9A1E7A4F7556}") = "Shopping.Aggregator", "ApiGateways\Shopping.Aggregator\Shopping.Aggregator.csproj", "{C794069E-4A6D-4DBE-A1A2-9F892B7A498A}"
EndProject
Project("{2150E333-8FDC-42A3-9474-1A3956D46DE8}") = "WebApps", "WebApps", "{0D650BD7-226E-4081-8586-736CE3FE6CB6}"
EndProject
Project("{9A19103F-16F7-4668-BE54-9A1E7A4F7556}") = "AspnetRunBasics", "WebApps\AspnetRunBasics\AspnetRunBasics.csproj", "{9DF48804-CA35-4B95-9986-3EE386D7C9BD}"
EndProject
Project("{FAE04EC0-301F-11D3-BF4B-00C04F79EFBC}") = "Common.Logging", "BuildingBlocks\Common.Logging\Common.Logging.csproj", "{9F714C13-19CB-4AC3-B4D9-2CCE8FE0EECC}"
EndProject
Global
	GlobalSection(SolutionConfigurationPlatforms) = preSolution
		Debug|Any CPU = Debug|Any CPU
		Release|Any CPU = Release|Any CPU
	EndGlobalSection
	GlobalSection(ProjectConfigurationPlatforms) = postSolution
		{7695A6BC-37C4-4E33-AE7D-3448E752403A}.Debug|Any CPU.ActiveCfg = Debug|Any CPU
		{7695A6BC-37C4-4E33-AE7D-3448E752403A}.Debug|Any CPU.Build.0 = Debug|Any CPU
		{7695A6BC-37C4-4E33-AE7D-3448E752403A}.Release|Any CPU.ActiveCfg = Release|Any CPU
		{7695A6BC-37C4-4E33-AE7D-3448E752403A}.Release|Any CPU.Build.0 = Release|Any CPU
		{2F6FBE30-00C5-41A7-A0CE-E060289D396C}.Debug|Any CPU.ActiveCfg = Debug|Any CPU
		{2F6FBE30-00C5-41A7-A0CE-E060289D396C}.Debug|Any CPU.Build.0 = Debug|Any CPU
		{2F6FBE30-00C5-41A7-A0CE-E060289D396C}.Release|Any CPU.ActiveCfg = Release|Any CPU
		{2F6FBE30-00C5-41A7-A0CE-E060289D396C}.Release|Any CPU.Build.0 = Release|Any CPU
		{67C5E225-3E73-4E47-8269-D9D5F998163F}.Debug|Any CPU.ActiveCfg = Debug|Any CPU
		{67C5E225-3E73-4E47-8269-D9D5F998163F}.Debug|Any CPU.Build.0 = Debug|Any CPU
		{67C5E225-3E73-4E47-8269-D9D5F998163F}.Release|Any CPU.ActiveCfg = Release|Any CPU
		{67C5E225-3E73-4E47-8269-D9D5F998163F}.Release|Any CPU.Build.0 = Release|Any CPU
		{26925EE7-A0A3-4B98-813E-CA80613A8F51}.Debug|Any CPU.ActiveCfg = Debug|Any CPU
		{26925EE7-A0A3-4B98-813E-CA80613A8F51}.Debug|Any CPU.Build.0 = Debug|Any CPU
		{26925EE7-A0A3-4B98-813E-CA80613A8F51}.Release|Any CPU.ActiveCfg = Release|Any CPU
		{26925EE7-A0A3-4B98-813E-CA80613A8F51}.Release|Any CPU.Build.0 = Release|Any CPU
		{BDEF3EF9-FE4C-40E5-AF94-DFCC391B3B78}.Debug|Any CPU.ActiveCfg = Debug|Any CPU
		{BDEF3EF9-FE4C-40E5-AF94-DFCC391B3B78}.Debug|Any CPU.Build.0 = Debug|Any CPU
		{BDEF3EF9-FE4C-40E5-AF94-DFCC391B3B78}.Release|Any CPU.ActiveCfg = Release|Any CPU
		{BDEF3EF9-FE4C-40E5-AF94-DFCC391B3B78}.Release|Any CPU.Build.0 = Release|Any CPU
		{19AB8567-0B74-4364-8CD7-78B91F29A5C3}.Debug|Any CPU.ActiveCfg = Debug|Any CPU
		{19AB8567-0B74-4364-8CD7-78B91F29A5C3}.Debug|Any CPU.Build.0 = Debug|Any CPU
		{19AB8567-0B74-4364-8CD7-78B91F29A5C3}.Release|Any CPU.ActiveCfg = Release|Any CPU
		{19AB8567-0B74-4364-8CD7-78B91F29A5C3}.Release|Any CPU.Build.0 = Release|Any CPU
		{AECA2B62-9356-48B6-9A3D-AA593DC3CE16}.Debug|Any CPU.ActiveCfg = Debug|Any CPU
		{AECA2B62-9356-48B6-9A3D-AA593DC3CE16}.Debug|Any CPU.Build.0 = Debug|Any CPU
		{AECA2B62-9356-48B6-9A3D-AA593DC3CE16}.Release|Any CPU.ActiveCfg = Release|Any CPU
		{AECA2B62-9356-48B6-9A3D-AA593DC3CE16}.Release|Any CPU.Build.0 = Release|Any CPU
		{5625005F-E6E7-447A-AD0B-82C613F228E0}.Debug|Any CPU.ActiveCfg = Debug|Any CPU
		{5625005F-E6E7-447A-AD0B-82C613F228E0}.Debug|Any CPU.Build.0 = Debug|Any CPU
		{5625005F-E6E7-447A-AD0B-82C613F228E0}.Release|Any CPU.ActiveCfg = Release|Any CPU
		{5625005F-E6E7-447A-AD0B-82C613F228E0}.Release|Any CPU.Build.0 = Release|Any CPU
		{E05C8FAE-01DD-46DD-A2EE-6BDC3B3EBFDB}.Debug|Any CPU.ActiveCfg = Debug|Any CPU
		{E05C8FAE-01DD-46DD-A2EE-6BDC3B3EBFDB}.Debug|Any CPU.Build.0 = Debug|Any CPU
		{E05C8FAE-01DD-46DD-A2EE-6BDC3B3EBFDB}.Release|Any CPU.ActiveCfg = Release|Any CPU
		{E05C8FAE-01DD-46DD-A2EE-6BDC3B3EBFDB}.Release|Any CPU.Build.0 = Release|Any CPU
		{E2AB6785-B3CB-4E86-8489-B25DE2966108}.Debug|Any CPU.ActiveCfg = Debug|Any CPU
		{E2AB6785-B3CB-4E86-8489-B25DE2966108}.Debug|Any CPU.Build.0 = Debug|Any CPU
		{E2AB6785-B3CB-4E86-8489-B25DE2966108}.Release|Any CPU.ActiveCfg = Release|Any CPU
		{E2AB6785-B3CB-4E86-8489-B25DE2966108}.Release|Any CPU.Build.0 = Release|Any CPU
		{9B606425-87EC-42A1-A85A-99BFE38FC31C}.Debug|Any CPU.ActiveCfg = Debug|Any CPU
		{9B606425-87EC-42A1-A85A-99BFE38FC31C}.Debug|Any CPU.Build.0 = Debug|Any CPU
		{9B606425-87EC-42A1-A85A-99BFE38FC31C}.Release|Any CPU.ActiveCfg = Release|Any CPU
		{9B606425-87EC-42A1-A85A-99BFE38FC31C}.Release|Any CPU.Build.0 = Release|Any CPU
		{C794069E-4A6D-4DBE-A1A2-9F892B7A498A}.Debug|Any CPU.ActiveCfg = Debug|Any CPU
		{C794069E-4A6D-4DBE-A1A2-9F892B7A498A}.Debug|Any CPU.Build.0 = Debug|Any CPU
		{C794069E-4A6D-4DBE-A1A2-9F892B7A498A}.Release|Any CPU.ActiveCfg = Release|Any CPU
		{C794069E-4A6D-4DBE-A1A2-9F892B7A498A}.Release|Any CPU.Build.0 = Release|Any CPU
		{9DF48804-CA35-4B95-9986-3EE386D7C9BD}.Debug|Any CPU.ActiveCfg = Debug|Any CPU
		{9DF48804-CA35-4B95-9986-3EE386D7C9BD}.Debug|Any CPU.Build.0 = Debug|Any CPU
		{9DF48804-CA35-4B95-9986-3EE386D7C9BD}.Release|Any CPU.ActiveCfg = Release|Any CPU
		{9DF48804-CA35-4B95-9986-3EE386D7C9BD}.Release|Any CPU.Build.0 = Release|Any CPU
		{9F714C13-19CB-4AC3-B4D9-2CCE8FE0EECC}.Debug|Any CPU.ActiveCfg = Debug|Any CPU
		{9F714C13-19CB-4AC3-B4D9-2CCE8FE0EECC}.Debug|Any CPU.Build.0 = Debug|Any CPU
		{9F714C13-19CB-4AC3-B4D9-2CCE8FE0EECC}.Release|Any CPU.ActiveCfg = Release|Any CPU
		{9F714C13-19CB-4AC3-B4D9-2CCE8FE0EECC}.Release|Any CPU.Build.0 = Release|Any CPU
	EndGlobalSection
	GlobalSection(SolutionProperties) = preSolution
		HideSolutionNode = FALSE
	EndGlobalSection
	GlobalSection(NestedProjects) = preSolution
		{EC3640C5-3385-41E9-9A61-182D9F071781} = {306C21B3-B0AB-4487-A647-195854C6274C}
		{7695A6BC-37C4-4E33-AE7D-3448E752403A} = {EC3640C5-3385-41E9-9A61-182D9F071781}
		{4F4AB554-97F6-4010-A91E-2D5E1A0B91D7} = {306C21B3-B0AB-4487-A647-195854C6274C}
		{67C5E225-3E73-4E47-8269-D9D5F998163F} = {4F4AB554-97F6-4010-A91E-2D5E1A0B91D7}
		{82A196D8-EA64-40AF-B234-2639B7846979} = {306C21B3-B0AB-4487-A647-195854C6274C}
		{26925EE7-A0A3-4B98-813E-CA80613A8F51} = {82A196D8-EA64-40AF-B234-2639B7846979}
		{BDEF3EF9-FE4C-40E5-AF94-DFCC391B3B78} = {82A196D8-EA64-40AF-B234-2639B7846979}
		{43D36212-A9FD-4D05-932D-B9ADBF09F541} = {306C21B3-B0AB-4487-A647-195854C6274C}
		{19AB8567-0B74-4364-8CD7-78B91F29A5C3} = {43D36212-A9FD-4D05-932D-B9ADBF09F541}
		{AECA2B62-9356-48B6-9A3D-AA593DC3CE16} = {43D36212-A9FD-4D05-932D-B9ADBF09F541}
		{5625005F-E6E7-447A-AD0B-82C613F228E0} = {43D36212-A9FD-4D05-932D-B9ADBF09F541}
		{E05C8FAE-01DD-46DD-A2EE-6BDC3B3EBFDB} = {43D36212-A9FD-4D05-932D-B9ADBF09F541}
		{E2AB6785-B3CB-4E86-8489-B25DE2966108} = {4B48AC4C-C943-4C3F-AA27-EEADC4DF742C}
		{9B606425-87EC-42A1-A85A-99BFE38FC31C} = {96208703-0FFF-4E95-96AD-CCFA5AB80002}
		{C794069E-4A6D-4DBE-A1A2-9F892B7A498A} = {96208703-0FFF-4E95-96AD-CCFA5AB80002}
		{9DF48804-CA35-4B95-9986-3EE386D7C9BD} = {0D650BD7-226E-4081-8586-736CE3FE6CB6}
		{9F714C13-19CB-4AC3-B4D9-2CCE8FE0EECC} = {4B48AC4C-C943-4C3F-AA27-EEADC4DF742C}
	EndGlobalSection
	GlobalSection(ExtensibilityGlobals) = postSolution
		SolutionGuid = {6790D01D-258B-4718-8ABF-6110D3121507}
	EndGlobalSection
EndGlobal
